
Microsoft Visual Studio Solution File, Format Version 12.00
# Visual Studio Version 16
VisualStudioVersion = 16.0.30717.126
MinimumVisualStudioVersion = 10.0.40219.1
Project("{FAE04EC0-301F-11D3-BF4B-00C04F79EFBC}") = "PL", "PL\PL.csproj", "{F6B35A49-11B4-453F-82E3-B1930B822E54}"
EndProject
Project("{FAE04EC0-301F-11D3-BF4B-00C04F79EFBC}") = "BL", "BL\BL.csproj", "{DDF63146-786D-4985-B595-4DE89753E54F}"
EndProject
Project("{FAE04EC0-301F-11D3-BF4B-00C04F79EFBC}") = "DAL", "DAL\DAL.csproj", "{8D9AD9D8-0D60-42C0-AEC6-3143E69A6524}"
EndProject
Global
	GlobalSection(SolutionConfigurationPlatforms) = preSolution
		Debug|Any CPU = Debug|Any CPU
		Release|Any CPU = Release|Any CPU
	EndGlobalSection
	GlobalSection(ProjectConfigurationPlatforms) = postSolution
		{F6B35A49-11B4-453F-82E3-B1930B822E54}.Debug|Any CPU.ActiveCfg = Debug|Any CPU
		{F6B35A49-11B4-453F-82E3-B1930B822E54}.Debug|Any CPU.Build.0 = Debug|Any CPU
		{F6B35A49-11B4-453F-82E3-B1930B822E54}.Release|Any CPU.ActiveCfg = Release|Any CPU
		{F6B35A49-11B4-453F-82E3-B1930B822E54}.Release|Any CPU.Build.0 = Release|Any CPU
		{DDF63146-786D-4985-B595-4DE89753E54F}.Debug|Any CPU.ActiveCfg = Debug|Any CPU
		{DDF63146-786D-4985-B595-4DE89753E54F}.Debug|Any CPU.Build.0 = Debug|Any CPU
		{DDF63146-786D-4985-B595-4DE89753E54F}.Release|Any CPU.ActiveCfg = Release|Any CPU
		{DDF63146-786D-4985-B595-4DE89753E54F}.Release|Any CPU.Build.0 = Release|Any CPU
		{8D9AD9D8-0D60-42C0-AEC6-3143E69A6524}.Debug|Any CPU.ActiveCfg = Debug|Any CPU
		{8D9AD9D8-0D60-42C0-AEC6-3143E69A6524}.Debug|Any CPU.Build.0 = Debug|Any CPU
		{8D9AD9D8-0D60-42C0-AEC6-3143E69A6524}.Release|Any CPU.ActiveCfg = Release|Any CPU
		{8D9AD9D8-0D60-42C0-AEC6-3143E69A6524}.Release|Any CPU.Build.0 = Release|Any CPU
	EndGlobalSection
	GlobalSection(SolutionProperties) = preSolution
		HideSolutionNode = FALSE
	EndGlobalSection
	GlobalSection(ExtensibilityGlobals) = postSolution
		SolutionGuid = {1419AB5F-45BE-431C-AFA5-75CD033E9212}
	EndGlobalSection
EndGlobal
